
Microsoft Visual Studio Solution File, Format Version 12.00
Project("{FAE04EC0-301F-11D3-BF4B-00C04F79EFBC}") = "impoTrack", "impoTrack.csproj", "{AED715AE-C876-43B6-9A62-223645BF0EEC}"
EndProject
Global
	GlobalSection(SolutionConfigurationPlatforms) = preSolution
		Debug|Any CPU = Debug|Any CPU
		Release|Any CPU = Release|Any CPU
	EndGlobalSection
	GlobalSection(ProjectConfigurationPlatforms) = postSolution
		{AED715AE-C876-43B6-9A62-223645BF0EEC}.Debug|Any CPU.ActiveCfg = Debug|Any CPU
		{AED715AE-C876-43B6-9A62-223645BF0EEC}.Debug|Any CPU.Build.0 = Debug|Any CPU
		{AED715AE-C876-43B6-9A62-223645BF0EEC}.Release|Any CPU.ActiveCfg = Release|Any CPU
		{AED715AE-C876-43B6-9A62-223645BF0EEC}.Release|Any CPU.Build.0 = Release|Any CPU
	EndGlobalSection
EndGlobal
